
Microsoft Visual Studio Solution File, Format Version 12.00
# Visual Studio Version 16
VisualStudioVersion = 16.0.32407.337
MinimumVisualStudioVersion = 10.0.40219.1
Project("{FAE04EC0-301F-11D3-BF4B-00C04F79EFBC}") = "GROUP4PROJECT", "GROUP4PROJECT\GROUP4PROJECT.csproj", "{A31B3A94-05BB-4891-8658-2B3E85C7B1BC}"
EndProject
Global
	GlobalSection(SolutionConfigurationPlatforms) = preSolution
		Debug|Any CPU = Debug|Any CPU
		Release|Any CPU = Release|Any CPU
	EndGlobalSection
	GlobalSection(ProjectConfigurationPlatforms) = postSolution
		{A31B3A94-05BB-4891-8658-2B3E85C7B1BC}.Debug|Any CPU.ActiveCfg = Debug|Any CPU
		{A31B3A94-05BB-4891-8658-2B3E85C7B1BC}.Debug|Any CPU.Build.0 = Debug|Any CPU
		{A31B3A94-05BB-4891-8658-2B3E85C7B1BC}.Release|Any CPU.ActiveCfg = Release|Any CPU
		{A31B3A94-05BB-4891-8658-2B3E85C7B1BC}.Release|Any CPU.Build.0 = Release|Any CPU
	EndGlobalSection
	GlobalSection(SolutionProperties) = preSolution
		HideSolutionNode = FALSE
	EndGlobalSection
	GlobalSection(ExtensibilityGlobals) = postSolution
		SolutionGuid = {7C274A23-7458-4227-ABD4-6B38ECF61433}
	EndGlobalSection
EndGlobal
